
Microsoft Visual Studio Solution File, Format Version 12.00
Project("{FAE04EC0-301F-11D3-BF4B-00C04F79EFBC}") = "App.ZBP", "App.ZBP\App.ZBP.csproj", "{546D0409-E7AB-4880-9DEA-14F0445BDC4E}"
EndProject
Project("{FAE04EC0-301F-11D3-BF4B-00C04F79EFBC}") = "App.MusicHole", "App.MusicHole\App.MusicHole.csproj", "{422BA1B0-046F-478B-871C-AF4AE11A1CFF}"
EndProject
Project("{FAE04EC0-301F-11D3-BF4B-00C04F79EFBC}") = "DAL", "DAL\DAL.csproj", "{0A43A020-FC38-4C8A-8E1E-3E13ECAF9739}"
EndProject
Project("{FAE04EC0-301F-11D3-BF4B-00C04F79EFBC}") = "Common", "Common\Common.csproj", "{A0581DC2-0112-464C-B5D6-FD0AE4BF4EE4}"
EndProject
Project("{FAE04EC0-301F-11D3-BF4B-00C04F79EFBC}") = "App.MusicHole.Docker", "App.MusicHole.Docker\App.MusicHole.Docker.csproj", "{E387BE13-C68D-42A9-9F20-3F11DBC0B812}"
EndProject
Global
	GlobalSection(SolutionConfigurationPlatforms) = preSolution
		Debug|Any CPU = Debug|Any CPU
		Release|Any CPU = Release|Any CPU
	EndGlobalSection
	GlobalSection(ProjectConfigurationPlatforms) = postSolution
		{546D0409-E7AB-4880-9DEA-14F0445BDC4E}.Debug|Any CPU.ActiveCfg = Debug|Any CPU
		{546D0409-E7AB-4880-9DEA-14F0445BDC4E}.Debug|Any CPU.Build.0 = Debug|Any CPU
		{546D0409-E7AB-4880-9DEA-14F0445BDC4E}.Release|Any CPU.ActiveCfg = Release|Any CPU
		{546D0409-E7AB-4880-9DEA-14F0445BDC4E}.Release|Any CPU.Build.0 = Release|Any CPU
		{422BA1B0-046F-478B-871C-AF4AE11A1CFF}.Debug|Any CPU.ActiveCfg = Debug|Any CPU
		{422BA1B0-046F-478B-871C-AF4AE11A1CFF}.Debug|Any CPU.Build.0 = Debug|Any CPU
		{422BA1B0-046F-478B-871C-AF4AE11A1CFF}.Release|Any CPU.ActiveCfg = Release|Any CPU
		{422BA1B0-046F-478B-871C-AF4AE11A1CFF}.Release|Any CPU.Build.0 = Release|Any CPU
		{0A43A020-FC38-4C8A-8E1E-3E13ECAF9739}.Debug|Any CPU.ActiveCfg = Debug|Any CPU
		{0A43A020-FC38-4C8A-8E1E-3E13ECAF9739}.Debug|Any CPU.Build.0 = Debug|Any CPU
		{0A43A020-FC38-4C8A-8E1E-3E13ECAF9739}.Release|Any CPU.ActiveCfg = Release|Any CPU
		{0A43A020-FC38-4C8A-8E1E-3E13ECAF9739}.Release|Any CPU.Build.0 = Release|Any CPU
		{A0581DC2-0112-464C-B5D6-FD0AE4BF4EE4}.Debug|Any CPU.ActiveCfg = Debug|Any CPU
		{A0581DC2-0112-464C-B5D6-FD0AE4BF4EE4}.Debug|Any CPU.Build.0 = Debug|Any CPU
		{A0581DC2-0112-464C-B5D6-FD0AE4BF4EE4}.Release|Any CPU.ActiveCfg = Release|Any CPU
		{A0581DC2-0112-464C-B5D6-FD0AE4BF4EE4}.Release|Any CPU.Build.0 = Release|Any CPU
		{E387BE13-C68D-42A9-9F20-3F11DBC0B812}.Debug|Any CPU.ActiveCfg = Debug|Any CPU
		{E387BE13-C68D-42A9-9F20-3F11DBC0B812}.Release|Any CPU.ActiveCfg = Release|Any CPU
	EndGlobalSection
EndGlobal
